{
  "originHash" : "79c8405afb284f6c33bb80ee35444788b3bb8b08ed39a2d5fdf17df56e4343cb",
  "pins" : [
    {
      "identity" : "prowl",
      "kind" : "remoteSourceControl",
      "location" : "https://github.com/elmeeee/Prowl.git",
      "state" : {
        "revision" : "4150691ac0c7b5fae76cd7fe82e0ff203fc50e5d",
        "version" : "0.6.0"
      }
    }
  ],
  "version" : 3
}
